
Microsoft Visual Studio Solution File, Format Version 12.00
# Visual Studio Version 17
VisualStudioVersion = 17.14.36414.22 d17.14
MinimumVisualStudioVersion = 10.0.40219.1
Project("{FAE04EC0-301F-11D3-BF4B-00C04F79EFBC}") = "Exercise-Storig User Data", "Exercise-Storig User Data\Exercise-Storig User Data.csproj", "{38173F63-DEB6-486B-8B57-609CA9D3C9B0}"
EndProject
Global
	GlobalSection(SolutionConfigurationPlatforms) = preSolution
		Debug|Any CPU = Debug|Any CPU
		Release|Any CPU = Release|Any CPU
	EndGlobalSection
	GlobalSection(ProjectConfigurationPlatforms) = postSolution
		{38173F63-DEB6-486B-8B57-609CA9D3C9B0}.Debug|Any CPU.ActiveCfg = Debug|Any CPU
		{38173F63-DEB6-486B-8B57-609CA9D3C9B0}.Debug|Any CPU.Build.0 = Debug|Any CPU
		{38173F63-DEB6-486B-8B57-609CA9D3C9B0}.Release|Any CPU.ActiveCfg = Release|Any CPU
		{38173F63-DEB6-486B-8B57-609CA9D3C9B0}.Release|Any CPU.Build.0 = Release|Any CPU
	EndGlobalSection
	GlobalSection(SolutionProperties) = preSolution
		HideSolutionNode = FALSE
	EndGlobalSection
	GlobalSection(ExtensibilityGlobals) = postSolution
		SolutionGuid = {26BF2FD1-AEE7-4FBC-920E-0AD6A52839B4}
	EndGlobalSection
EndGlobal
