
Microsoft Visual Studio Solution File, Format Version 12.00
# Visual Studio Version 17
VisualStudioVersion = 17.14.36414.22 d17.14
MinimumVisualStudioVersion = 10.0.40219.1
Project("{FAE04EC0-301F-11D3-BF4B-00C04F79EFBC}") = "Empty String", "Empty String\Empty String.csproj", "{C8E1C30D-125A-40A8-B4B1-4B05FC3B5EE6}"
EndProject
Global
	GlobalSection(SolutionConfigurationPlatforms) = preSolution
		Debug|Any CPU = Debug|Any CPU
		Release|Any CPU = Release|Any CPU
	EndGlobalSection
	GlobalSection(ProjectConfigurationPlatforms) = postSolution
		{C8E1C30D-125A-40A8-B4B1-4B05FC3B5EE6}.Debug|Any CPU.ActiveCfg = Debug|Any CPU
		{C8E1C30D-125A-40A8-B4B1-4B05FC3B5EE6}.Debug|Any CPU.Build.0 = Debug|Any CPU
		{C8E1C30D-125A-40A8-B4B1-4B05FC3B5EE6}.Release|Any CPU.ActiveCfg = Release|Any CPU
		{C8E1C30D-125A-40A8-B4B1-4B05FC3B5EE6}.Release|Any CPU.Build.0 = Release|Any CPU
	EndGlobalSection
	GlobalSection(SolutionProperties) = preSolution
		HideSolutionNode = FALSE
	EndGlobalSection
	GlobalSection(ExtensibilityGlobals) = postSolution
		SolutionGuid = {DB730AD3-ABC8-49FD-B4F7-2AB81449C833}
	EndGlobalSection
EndGlobal
