
Microsoft Visual Studio Solution File, Format Version 12.00
# Visual Studio Version 17
VisualStudioVersion = 17.14.36414.22 d17.14
MinimumVisualStudioVersion = 10.0.40219.1
Project("{FAE04EC0-301F-11D3-BF4B-00C04F79EFBC}") = "Array IndexOf", "Array IndexOf\Array IndexOf.csproj", "{9A6280DE-D4EB-4666-80E8-1A5FD88714D9}"
EndProject
Global
	GlobalSection(SolutionConfigurationPlatforms) = preSolution
		Debug|Any CPU = Debug|Any CPU
		Release|Any CPU = Release|Any CPU
	EndGlobalSection
	GlobalSection(ProjectConfigurationPlatforms) = postSolution
		{9A6280DE-D4EB-4666-80E8-1A5FD88714D9}.Debug|Any CPU.ActiveCfg = Debug|Any CPU
		{9A6280DE-D4EB-4666-80E8-1A5FD88714D9}.Debug|Any CPU.Build.0 = Debug|Any CPU
		{9A6280DE-D4EB-4666-80E8-1A5FD88714D9}.Release|Any CPU.ActiveCfg = Release|Any CPU
		{9A6280DE-D4EB-4666-80E8-1A5FD88714D9}.Release|Any CPU.Build.0 = Release|Any CPU
	EndGlobalSection
	GlobalSection(SolutionProperties) = preSolution
		HideSolutionNode = FALSE
	EndGlobalSection
	GlobalSection(ExtensibilityGlobals) = postSolution
		SolutionGuid = {50018A13-5365-4307-BE6A-754116714B64}
	EndGlobalSection
EndGlobal
