
Microsoft Visual Studio Solution File, Format Version 12.00
# Visual Studio Version 17
VisualStudioVersion = 17.14.36414.22 d17.14
MinimumVisualStudioVersion = 10.0.40219.1
Project("{FAE04EC0-301F-11D3-BF4B-00C04F79EFBC}") = "String Iteration (looping)", "String Iteration (looping)\String Iteration (looping).csproj", "{07FD9CDC-F756-4ADF-B1D3-2483F4506310}"
EndProject
Global
	GlobalSection(SolutionConfigurationPlatforms) = preSolution
		Debug|Any CPU = Debug|Any CPU
		Release|Any CPU = Release|Any CPU
	EndGlobalSection
	GlobalSection(ProjectConfigurationPlatforms) = postSolution
		{07FD9CDC-F756-4ADF-B1D3-2483F4506310}.Debug|Any CPU.ActiveCfg = Debug|Any CPU
		{07FD9CDC-F756-4ADF-B1D3-2483F4506310}.Debug|Any CPU.Build.0 = Debug|Any CPU
		{07FD9CDC-F756-4ADF-B1D3-2483F4506310}.Release|Any CPU.ActiveCfg = Release|Any CPU
		{07FD9CDC-F756-4ADF-B1D3-2483F4506310}.Release|Any CPU.Build.0 = Release|Any CPU
	EndGlobalSection
	GlobalSection(SolutionProperties) = preSolution
		HideSolutionNode = FALSE
	EndGlobalSection
	GlobalSection(ExtensibilityGlobals) = postSolution
		SolutionGuid = {4861A2E9-81E8-41D2-8F91-3813C91C2E7B}
	EndGlobalSection
EndGlobal
