
Microsoft Visual Studio Solution File, Format Version 12.00
# Visual Studio Version 17
VisualStudioVersion = 17.14.36414.22 d17.14
MinimumVisualStudioVersion = 10.0.40219.1
Project("{FAE04EC0-301F-11D3-BF4B-00C04F79EFBC}") = "TryParse Function", "TryParse Function\TryParse Function.csproj", "{4D48028B-414A-4AA4-A0D0-1C282F6D0BD5}"
EndProject
Global
	GlobalSection(SolutionConfigurationPlatforms) = preSolution
		Debug|Any CPU = Debug|Any CPU
		Release|Any CPU = Release|Any CPU
	EndGlobalSection
	GlobalSection(ProjectConfigurationPlatforms) = postSolution
		{4D48028B-414A-4AA4-A0D0-1C282F6D0BD5}.Debug|Any CPU.ActiveCfg = Debug|Any CPU
		{4D48028B-414A-4AA4-A0D0-1C282F6D0BD5}.Debug|Any CPU.Build.0 = Debug|Any CPU
		{4D48028B-414A-4AA4-A0D0-1C282F6D0BD5}.Release|Any CPU.ActiveCfg = Release|Any CPU
		{4D48028B-414A-4AA4-A0D0-1C282F6D0BD5}.Release|Any CPU.Build.0 = Release|Any CPU
	EndGlobalSection
	GlobalSection(SolutionProperties) = preSolution
		HideSolutionNode = FALSE
	EndGlobalSection
	GlobalSection(ExtensibilityGlobals) = postSolution
		SolutionGuid = {886B5E09-1E30-412B-B956-01AE90FE2C39}
	EndGlobalSection
EndGlobal
