
Microsoft Visual Studio Solution File, Format Version 12.00
# Visual Studio Version 17
VisualStudioVersion = 17.14.36414.22 d17.14
MinimumVisualStudioVersion = 10.0.40219.1
Project("{FAE04EC0-301F-11D3-BF4B-00C04F79EFBC}") = "Conditions (If-Else)", "Conditions (If-Else)\Conditions (If-Else).csproj", "{868D183A-02F1-41BF-8E8E-56CBE862B62B}"
EndProject
Global
	GlobalSection(SolutionConfigurationPlatforms) = preSolution
		Debug|Any CPU = Debug|Any CPU
		Release|Any CPU = Release|Any CPU
	EndGlobalSection
	GlobalSection(ProjectConfigurationPlatforms) = postSolution
		{868D183A-02F1-41BF-8E8E-56CBE862B62B}.Debug|Any CPU.ActiveCfg = Debug|Any CPU
		{868D183A-02F1-41BF-8E8E-56CBE862B62B}.Debug|Any CPU.Build.0 = Debug|Any CPU
		{868D183A-02F1-41BF-8E8E-56CBE862B62B}.Release|Any CPU.ActiveCfg = Release|Any CPU
		{868D183A-02F1-41BF-8E8E-56CBE862B62B}.Release|Any CPU.Build.0 = Release|Any CPU
	EndGlobalSection
	GlobalSection(SolutionProperties) = preSolution
		HideSolutionNode = FALSE
	EndGlobalSection
	GlobalSection(ExtensibilityGlobals) = postSolution
		SolutionGuid = {41D96EC9-9254-4D9D-9215-DD78C4527F71}
	EndGlobalSection
EndGlobal
